
Microsoft Visual Studio Solution File, Format Version 12.00
# Visual Studio 15
VisualStudioVersion = 15.0.28307.329
MinimumVisualStudioVersion = 10.0.40219.1
Project("{8BC9CEB8-8B4A-11D0-8D11-00A0C91BC942}") = "AddingNumbers", "AddingNumbers\AddingNumbers.vcxproj", "{BC64F0C2-BA12-43BC-8BA4-66224903CE9F}"
EndProject
Global
	GlobalSection(SolutionConfigurationPlatforms) = preSolution
		Debug|x64 = Debug|x64
		Debug|x86 = Debug|x86
		Release|x64 = Release|x64
		Release|x86 = Release|x86
	EndGlobalSection
	GlobalSection(ProjectConfigurationPlatforms) = postSolution
		{BC64F0C2-BA12-43BC-8BA4-66224903CE9F}.Debug|x64.ActiveCfg = Debug|x64
		{BC64F0C2-BA12-43BC-8BA4-66224903CE9F}.Debug|x64.Build.0 = Debug|x64
		{BC64F0C2-BA12-43BC-8BA4-66224903CE9F}.Debug|x86.ActiveCfg = Debug|Win32
		{BC64F0C2-BA12-43BC-8BA4-66224903CE9F}.Debug|x86.Build.0 = Debug|Win32
		{BC64F0C2-BA12-43BC-8BA4-66224903CE9F}.Release|x64.ActiveCfg = Release|x64
		{BC64F0C2-BA12-43BC-8BA4-66224903CE9F}.Release|x64.Build.0 = Release|x64
		{BC64F0C2-BA12-43BC-8BA4-66224903CE9F}.Release|x86.ActiveCfg = Release|Win32
		{BC64F0C2-BA12-43BC-8BA4-66224903CE9F}.Release|x86.Build.0 = Release|Win32
	EndGlobalSection
	GlobalSection(SolutionProperties) = preSolution
		HideSolutionNode = FALSE
	EndGlobalSection
	GlobalSection(ExtensibilityGlobals) = postSolution
		SolutionGuid = {71E88444-64E6-4875-B0E9-20CF4C098FB9}
	EndGlobalSection
EndGlobal
